
Microsoft Visual Studio Solution File, Format Version 10.00
# Visual Studio 2008
Project("{FAE04EC0-301F-11D3-BF4B-00C04F79EFBC}") = "HTCMS", "HTCMS\HTCMS.csproj", "{CAF02F1A-1257-445F-8C1F-0ECAEE5C6D1B}"
EndProject
Global
	GlobalSection(SolutionConfigurationPlatforms) = preSolution
		Debug|Any CPU = Debug|Any CPU
		Release|Any CPU = Release|Any CPU
	EndGlobalSection
	GlobalSection(ProjectConfigurationPlatforms) = postSolution
		{CAF02F1A-1257-445F-8C1F-0ECAEE5C6D1B}.Debug|Any CPU.ActiveCfg = Debug|Any CPU
		{CAF02F1A-1257-445F-8C1F-0ECAEE5C6D1B}.Debug|Any CPU.Build.0 = Debug|Any CPU
		{CAF02F1A-1257-445F-8C1F-0ECAEE5C6D1B}.Release|Any CPU.ActiveCfg = Release|Any CPU
		{CAF02F1A-1257-445F-8C1F-0ECAEE5C6D1B}.Release|Any CPU.Build.0 = Release|Any CPU
	EndGlobalSection
	GlobalSection(SolutionProperties) = preSolution
		HideSolutionNode = FALSE
	EndGlobalSection
EndGlobal
