
Microsoft Visual Studio Solution File, Format Version 10.00
# Visual Studio 2008
Project("{E24C65DC-7377-472B-9ABA-BC803B73C61A}") = "HTCMS", "..\..\..\rahul  proj\HiTechCollegeManagementSystem\HTCMS\", "{32FD5D35-D730-4443-AFC8-EC94674BEEC5}"
	ProjectSection(WebsiteProperties) = preProject
		TargetFramework = "3.5"
		Debug.AspNetCompiler.VirtualPath = "/HTCMS"
		Debug.AspNetCompiler.PhysicalPath = "..\..\..\rahul  proj\HiTechCollegeManagementSystem\HTCMS\"
		Debug.AspNetCompiler.TargetPath = "PrecompiledWeb\HTCMS\"
		Debug.AspNetCompiler.Updateable = "true"
		Debug.AspNetCompiler.ForceOverwrite = "true"
		Debug.AspNetCompiler.FixedNames = "false"
		Debug.AspNetCompiler.Debug = "True"
		Release.AspNetCompiler.VirtualPath = "/HTCMS"
		Release.AspNetCompiler.PhysicalPath = "..\..\..\rahul  proj\HiTechCollegeManagementSystem\HTCMS\"
		Release.AspNetCompiler.TargetPath = "PrecompiledWeb\HTCMS\"
		Release.AspNetCompiler.Updateable = "true"
		Release.AspNetCompiler.ForceOverwrite = "true"
		Release.AspNetCompiler.FixedNames = "false"
		Release.AspNetCompiler.Debug = "False"
		VWDPort = "49689"
	EndProjectSection
EndProject
Global
	GlobalSection(SolutionConfigurationPlatforms) = preSolution
		Debug|Any CPU = Debug|Any CPU
	EndGlobalSection
	GlobalSection(ProjectConfigurationPlatforms) = postSolution
		{32FD5D35-D730-4443-AFC8-EC94674BEEC5}.Debug|Any CPU.ActiveCfg = Debug|Any CPU
		{32FD5D35-D730-4443-AFC8-EC94674BEEC5}.Debug|Any CPU.Build.0 = Debug|Any CPU
	EndGlobalSection
	GlobalSection(SolutionProperties) = preSolution
		HideSolutionNode = FALSE
	EndGlobalSection
EndGlobal
